
Microsoft Visual Studio Solution File, Format Version 12.00
# Visual Studio Version 16
VisualStudioVersion = 16.0.33529.622
MinimumVisualStudioVersion = 10.0.40219.1
Project("{FAE04EC0-301F-11D3-BF4B-00C04F79EFBC}") = "DataAccess", "DataAccess\DataAccess.csproj", "{C5701E78-40AA-47C2-9782-1FF01B0D6816}"
EndProject
Project("{FAE04EC0-301F-11D3-BF4B-00C04F79EFBC}") = "Business", "Business\Business.csproj", "{6C5BFE82-5B9C-4E01-9D59-0615793D5E12}"
EndProject
Project("{FAE04EC0-301F-11D3-BF4B-00C04F79EFBC}") = "Entities", "Entities\Entities.csproj", "{726CC42B-4100-47BE-83B4-B7FD1BA5B068}"
EndProject
Project("{FAE04EC0-301F-11D3-BF4B-00C04F79EFBC}") = "ConsoleUI", "ConsoleUI\ConsoleUI.csproj", "{D8A5BE68-9FA9-48FC-A8D1-0DCF88EC6D6E}"
EndProject
Global
	GlobalSection(SolutionConfigurationPlatforms) = preSolution
		Debug|Any CPU = Debug|Any CPU
		Release|Any CPU = Release|Any CPU
	EndGlobalSection
	GlobalSection(ProjectConfigurationPlatforms) = postSolution
		{C5701E78-40AA-47C2-9782-1FF01B0D6816}.Debug|Any CPU.ActiveCfg = Debug|Any CPU
		{C5701E78-40AA-47C2-9782-1FF01B0D6816}.Debug|Any CPU.Build.0 = Debug|Any CPU
		{C5701E78-40AA-47C2-9782-1FF01B0D6816}.Release|Any CPU.ActiveCfg = Release|Any CPU
		{C5701E78-40AA-47C2-9782-1FF01B0D6816}.Release|Any CPU.Build.0 = Release|Any CPU
		{6C5BFE82-5B9C-4E01-9D59-0615793D5E12}.Debug|Any CPU.ActiveCfg = Debug|Any CPU
		{6C5BFE82-5B9C-4E01-9D59-0615793D5E12}.Debug|Any CPU.Build.0 = Debug|Any CPU
		{6C5BFE82-5B9C-4E01-9D59-0615793D5E12}.Release|Any CPU.ActiveCfg = Release|Any CPU
		{6C5BFE82-5B9C-4E01-9D59-0615793D5E12}.Release|Any CPU.Build.0 = Release|Any CPU
		{726CC42B-4100-47BE-83B4-B7FD1BA5B068}.Debug|Any CPU.ActiveCfg = Debug|Any CPU
		{726CC42B-4100-47BE-83B4-B7FD1BA5B068}.Debug|Any CPU.Build.0 = Debug|Any CPU
		{726CC42B-4100-47BE-83B4-B7FD1BA5B068}.Release|Any CPU.ActiveCfg = Release|Any CPU
		{726CC42B-4100-47BE-83B4-B7FD1BA5B068}.Release|Any CPU.Build.0 = Release|Any CPU
		{D8A5BE68-9FA9-48FC-A8D1-0DCF88EC6D6E}.Debug|Any CPU.ActiveCfg = Debug|Any CPU
		{D8A5BE68-9FA9-48FC-A8D1-0DCF88EC6D6E}.Debug|Any CPU.Build.0 = Debug|Any CPU
		{D8A5BE68-9FA9-48FC-A8D1-0DCF88EC6D6E}.Release|Any CPU.ActiveCfg = Release|Any CPU
		{D8A5BE68-9FA9-48FC-A8D1-0DCF88EC6D6E}.Release|Any CPU.Build.0 = Release|Any CPU
	EndGlobalSection
	GlobalSection(SolutionProperties) = preSolution
		HideSolutionNode = FALSE
	EndGlobalSection
	GlobalSection(ExtensibilityGlobals) = postSolution
		SolutionGuid = {976D0E39-05FD-4841-9EEE-9700415F51BA}
	EndGlobalSection
EndGlobal
